
Microsoft Visual Studio Solution File, Format Version 12.00
# Visual Studio 11
Project("{E24C65DC-7377-472B-9ABA-BC803B73C61A}") = "RssSite", "RssSite\", "{5B2E4EFC-5B94-480D-83A7-6452DE0A94C3}"
	ProjectSection(WebsiteProperties) = preProject
		Debug.AspNetCompiler.Debug = "True"
		Debug.AspNetCompiler.FixedNames = "false"
		Debug.AspNetCompiler.ForceOverwrite = "true"
		Debug.AspNetCompiler.PhysicalPath = "RssSite\"
		Debug.AspNetCompiler.TargetPath = "RssSite\"
		Debug.AspNetCompiler.Updateable = "true"
		Debug.AspNetCompiler.VirtualPath = "/RssSite"
		ProjectReferences = "{5D878A74-866D-4941-A8F8-2A7EB5F8193B}|Aggregation.Common.dll;{79D1199E-CB01-4EC5-B778-7D54605B92F3}|Argotic.Common.dll;{811ECA97-C7B9-4D4B-8D02-A15B26022AED}|Argotic.Core.dll;{109B4CA6-4253-4E5D-9AD8-A2308C71A9F6}|Argotic.Extensions.dll;{9D6EE539-8662-4D88-A41C-92FB1D5DDB3A}|Argotic.Web.dll;{1DEB5A27-C08F-4095-B6EA-858391C9BE7B}|AggregationManager.dll;"
		Release.AspNetCompiler.Debug = "False"
		Release.AspNetCompiler.FixedNames = "false"
		Release.AspNetCompiler.ForceOverwrite = "true"
		Release.AspNetCompiler.PhysicalPath = "RssSite\"
		Release.AspNetCompiler.TargetPath = "RssSite\"
		Release.AspNetCompiler.Updateable = "true"
		Release.AspNetCompiler.VirtualPath = "/RssSite"
		TargetFrameworkMoniker = ".NETFramework,Version%3Dv3.5"
		VWDPort = "53599"
	EndProjectSection
	ProjectSection(WebsiteProperties) = preProject
		Debug.AspNetCompiler.Debug = "True"
		Debug.AspNetCompiler.FixedNames = "false"
		Debug.AspNetCompiler.ForceOverwrite = "true"
		Debug.AspNetCompiler.PhysicalPath = "RssSite\"
		Debug.AspNetCompiler.TargetPath = "RssSite\"
		Debug.AspNetCompiler.Updateable = "true"
		Debug.AspNetCompiler.VirtualPath = "/RssSite"
		ProjectReferences = "{5D878A74-866D-4941-A8F8-2A7EB5F8193B}|Aggregation.Common.dll;{79D1199E-CB01-4EC5-B778-7D54605B92F3}|Argotic.Common.dll;{811ECA97-C7B9-4D4B-8D02-A15B26022AED}|Argotic.Core.dll;{109B4CA6-4253-4E5D-9AD8-A2308C71A9F6}|Argotic.Extensions.dll;{9D6EE539-8662-4D88-A41C-92FB1D5DDB3A}|Argotic.Web.dll;{1DEB5A27-C08F-4095-B6EA-858391C9BE7B}|AggregationManager.dll;"
		Release.AspNetCompiler.Debug = "False"
		Release.AspNetCompiler.FixedNames = "false"
		Release.AspNetCompiler.ForceOverwrite = "true"
		Release.AspNetCompiler.PhysicalPath = "RssSite\"
		Release.AspNetCompiler.TargetPath = "RssSite\"
		Release.AspNetCompiler.Updateable = "true"
		Release.AspNetCompiler.VirtualPath = "/RssSite"
		TargetFrameworkMoniker = ".NETFramework,Version%3Dv3.5"
		VWDPort = "53599"
	EndProjectSection
	ProjectSection(WebsiteProperties) = preProject
		Debug.AspNetCompiler.Debug = "True"
		Debug.AspNetCompiler.FixedNames = "false"
		Debug.AspNetCompiler.ForceOverwrite = "true"
		Debug.AspNetCompiler.PhysicalPath = "RssSite\"
		Debug.AspNetCompiler.TargetPath = "RssSite\"
		Debug.AspNetCompiler.Updateable = "true"
		Debug.AspNetCompiler.VirtualPath = "/RssSite"
		ProjectReferences = "{5D878A74-866D-4941-A8F8-2A7EB5F8193B}|Aggregation.Common.dll;{79D1199E-CB01-4EC5-B778-7D54605B92F3}|Argotic.Common.dll;{811ECA97-C7B9-4D4B-8D02-A15B26022AED}|Argotic.Core.dll;{109B4CA6-4253-4E5D-9AD8-A2308C71A9F6}|Argotic.Extensions.dll;{9D6EE539-8662-4D88-A41C-92FB1D5DDB3A}|Argotic.Web.dll;{1DEB5A27-C08F-4095-B6EA-858391C9BE7B}|AggregationManager.dll;"
		Release.AspNetCompiler.Debug = "False"
		Release.AspNetCompiler.FixedNames = "false"
		Release.AspNetCompiler.ForceOverwrite = "true"
		Release.AspNetCompiler.PhysicalPath = "RssSite\"
		Release.AspNetCompiler.TargetPath = "RssSite\"
		Release.AspNetCompiler.Updateable = "true"
		Release.AspNetCompiler.VirtualPath = "/RssSite"
		TargetFrameworkMoniker = ".NETFramework,Version%3Dv3.5"
		VWDPort = "53599"
	EndProjectSection
EndProject
Project("{FAE04EC0-301F-11D3-BF4B-00C04F79EFBC}") = "Aggregation.AggregationManager", "AgragationManager\Aggregation.AggregationManager.csproj", "{1DEB5A27-C08F-4095-B6EA-858391C9BE7B}"
EndProject
Project("{FAE04EC0-301F-11D3-BF4B-00C04F79EFBC}") = "Aggregation.Common", "Aggregation.Common\Aggregation.Common.csproj", "{5D878A74-866D-4941-A8F8-2A7EB5F8193B}"
EndProject
Project("{FAE04EC0-301F-11D3-BF4B-00C04F79EFBC}") = "TestApp", "TestApp\TestApp.csproj", "{2DA79C31-81B5-4C64-83ED-D9358EF05542}"
EndProject
Project("{2150E333-8FDC-42A3-9474-1A3956D46DE8}") = "Libs", "Libs", "{CE429356-518B-4A43-9AA1-FABBFA2FE4D0}"
EndProject
Project("{2150E333-8FDC-42A3-9474-1A3956D46DE8}") = "RSS", "RSS", "{85FC137E-EC02-4F21-B34E-111DDB7B99B4}"
EndProject
Project("{FAE04EC0-301F-11D3-BF4B-00C04F79EFBC}") = "Argotic.Core", "lib\Argotic\Argotic\Microsoft .NET 3.5\Argotic.Core\Argotic.Core.csproj", "{811ECA97-C7B9-4D4B-8D02-A15B26022AED}"
EndProject
Project("{FAE04EC0-301F-11D3-BF4B-00C04F79EFBC}") = "Argotic.Web", "lib\Argotic\Argotic\Microsoft .NET 3.5\Argotic.Web\Argotic.Web.csproj", "{9D6EE539-8662-4D88-A41C-92FB1D5DDB3A}"
EndProject
Project("{FAE04EC0-301F-11D3-BF4B-00C04F79EFBC}") = "Argotic.Common", "lib\Argotic\Argotic\Microsoft .NET 3.5\Argotic.Common\Argotic.Common.csproj", "{79D1199E-CB01-4EC5-B778-7D54605B92F3}"
EndProject
Project("{FAE04EC0-301F-11D3-BF4B-00C04F79EFBC}") = "Argotic.Extensions", "lib\Argotic\Argotic\Microsoft .NET 3.5\Argotic.Extensions\Argotic.Extensions.csproj", "{109B4CA6-4253-4E5D-9AD8-A2308C71A9F6}"
EndProject
Project("{2150E333-8FDC-42A3-9474-1A3956D46DE8}") = ".nuget", ".nuget", "{9E614CD9-2928-462C-9168-D40FBF15B66F}"
	ProjectSection(SolutionItems) = preProject
		.nuget\NuGet.exe = .nuget\NuGet.exe
		.nuget\NuGet.targets = .nuget\NuGet.targets
	EndProjectSection
EndProject
Project("{FAE04EC0-301F-11D3-BF4B-00C04F79EFBC}") = "Facebook-Net35", "lib\FacebookSDK\Source\Facebook\Facebook-Net35.csproj", "{857E540C-0092-4590-A279-F98A6B77AC0A}"
EndProject
Global
	GlobalSection(SolutionConfigurationPlatforms) = preSolution
		Debug|.NET = Debug|.NET
		Debug|Any CPU = Debug|Any CPU
		Debug|Mixed Platforms = Debug|Mixed Platforms
		Debug|x86 = Debug|x86
		Release|.NET = Release|.NET
		Release|Any CPU = Release|Any CPU
		Release|Mixed Platforms = Release|Mixed Platforms
		Release|x86 = Release|x86
	EndGlobalSection
	GlobalSection(ProjectConfigurationPlatforms) = postSolution
		{109B4CA6-4253-4E5D-9AD8-A2308C71A9F6}.Debug|.NET.ActiveCfg = Debug|Any CPU
		{109B4CA6-4253-4E5D-9AD8-A2308C71A9F6}.Debug|Any CPU.ActiveCfg = Debug|Any CPU
		{109B4CA6-4253-4E5D-9AD8-A2308C71A9F6}.Debug|Any CPU.Build.0 = Debug|Any CPU
		{109B4CA6-4253-4E5D-9AD8-A2308C71A9F6}.Debug|Mixed Platforms.ActiveCfg = Debug|Any CPU
		{109B4CA6-4253-4E5D-9AD8-A2308C71A9F6}.Debug|Mixed Platforms.Build.0 = Debug|Any CPU
		{109B4CA6-4253-4E5D-9AD8-A2308C71A9F6}.Debug|x86.ActiveCfg = Debug|Any CPU
		{109B4CA6-4253-4E5D-9AD8-A2308C71A9F6}.Release|.NET.ActiveCfg = Release|Any CPU
		{109B4CA6-4253-4E5D-9AD8-A2308C71A9F6}.Release|Any CPU.ActiveCfg = Release|Any CPU
		{109B4CA6-4253-4E5D-9AD8-A2308C71A9F6}.Release|Any CPU.Build.0 = Release|Any CPU
		{109B4CA6-4253-4E5D-9AD8-A2308C71A9F6}.Release|Mixed Platforms.ActiveCfg = Release|Any CPU
		{109B4CA6-4253-4E5D-9AD8-A2308C71A9F6}.Release|Mixed Platforms.Build.0 = Release|Any CPU
		{109B4CA6-4253-4E5D-9AD8-A2308C71A9F6}.Release|x86.ActiveCfg = Release|Any CPU
		{1DEB5A27-C08F-4095-B6EA-858391C9BE7B}.Debug|.NET.ActiveCfg = Debug|Any CPU
		{1DEB5A27-C08F-4095-B6EA-858391C9BE7B}.Debug|Any CPU.ActiveCfg = Debug|Any CPU
		{1DEB5A27-C08F-4095-B6EA-858391C9BE7B}.Debug|Any CPU.Build.0 = Debug|Any CPU
		{1DEB5A27-C08F-4095-B6EA-858391C9BE7B}.Debug|Mixed Platforms.ActiveCfg = Debug|Any CPU
		{1DEB5A27-C08F-4095-B6EA-858391C9BE7B}.Debug|Mixed Platforms.Build.0 = Debug|Any CPU
		{1DEB5A27-C08F-4095-B6EA-858391C9BE7B}.Debug|x86.ActiveCfg = Debug|x86
		{1DEB5A27-C08F-4095-B6EA-858391C9BE7B}.Debug|x86.Build.0 = Debug|x86
		{1DEB5A27-C08F-4095-B6EA-858391C9BE7B}.Release|.NET.ActiveCfg = Release|Any CPU
		{1DEB5A27-C08F-4095-B6EA-858391C9BE7B}.Release|Any CPU.ActiveCfg = Release|Any CPU
		{1DEB5A27-C08F-4095-B6EA-858391C9BE7B}.Release|Any CPU.Build.0 = Release|Any CPU
		{1DEB5A27-C08F-4095-B6EA-858391C9BE7B}.Release|Mixed Platforms.ActiveCfg = Release|Any CPU
		{1DEB5A27-C08F-4095-B6EA-858391C9BE7B}.Release|Mixed Platforms.Build.0 = Release|Any CPU
		{1DEB5A27-C08F-4095-B6EA-858391C9BE7B}.Release|x86.ActiveCfg = Release|x86
		{1DEB5A27-C08F-4095-B6EA-858391C9BE7B}.Release|x86.Build.0 = Release|x86
		{2DA79C31-81B5-4C64-83ED-D9358EF05542}.Debug|.NET.ActiveCfg = Debug|x86
		{2DA79C31-81B5-4C64-83ED-D9358EF05542}.Debug|Any CPU.ActiveCfg = Debug|x86
		{2DA79C31-81B5-4C64-83ED-D9358EF05542}.Debug|Mixed Platforms.ActiveCfg = Debug|x86
		{2DA79C31-81B5-4C64-83ED-D9358EF05542}.Debug|Mixed Platforms.Build.0 = Debug|x86
		{2DA79C31-81B5-4C64-83ED-D9358EF05542}.Debug|x86.ActiveCfg = Debug|x86
		{2DA79C31-81B5-4C64-83ED-D9358EF05542}.Debug|x86.Build.0 = Debug|x86
		{2DA79C31-81B5-4C64-83ED-D9358EF05542}.Release|.NET.ActiveCfg = Release|x86
		{2DA79C31-81B5-4C64-83ED-D9358EF05542}.Release|Any CPU.ActiveCfg = Release|x86
		{2DA79C31-81B5-4C64-83ED-D9358EF05542}.Release|Mixed Platforms.ActiveCfg = Release|x86
		{2DA79C31-81B5-4C64-83ED-D9358EF05542}.Release|Mixed Platforms.Build.0 = Release|x86
		{2DA79C31-81B5-4C64-83ED-D9358EF05542}.Release|x86.ActiveCfg = Release|x86
		{2DA79C31-81B5-4C64-83ED-D9358EF05542}.Release|x86.Build.0 = Release|x86
		{5B2E4EFC-5B94-480D-83A7-6452DE0A94C3}.Debug|.NET.ActiveCfg = Debug|Any CPU
		{5B2E4EFC-5B94-480D-83A7-6452DE0A94C3}.Debug|Any CPU.ActiveCfg = Debug|Any CPU
		{5B2E4EFC-5B94-480D-83A7-6452DE0A94C3}.Debug|Any CPU.Build.0 = Debug|Any CPU
		{5B2E4EFC-5B94-480D-83A7-6452DE0A94C3}.Debug|Mixed Platforms.ActiveCfg = Debug|Any CPU
		{5B2E4EFC-5B94-480D-83A7-6452DE0A94C3}.Debug|Mixed Platforms.Build.0 = Debug|Any CPU
		{5B2E4EFC-5B94-480D-83A7-6452DE0A94C3}.Debug|x86.ActiveCfg = Debug|Any CPU
		{5B2E4EFC-5B94-480D-83A7-6452DE0A94C3}.Release|.NET.ActiveCfg = Debug|Any CPU
		{5B2E4EFC-5B94-480D-83A7-6452DE0A94C3}.Release|Any CPU.ActiveCfg = Debug|Any CPU
		{5B2E4EFC-5B94-480D-83A7-6452DE0A94C3}.Release|Any CPU.Build.0 = Debug|Any CPU
		{5B2E4EFC-5B94-480D-83A7-6452DE0A94C3}.Release|Mixed Platforms.ActiveCfg = Debug|Any CPU
		{5B2E4EFC-5B94-480D-83A7-6452DE0A94C3}.Release|Mixed Platforms.Build.0 = Debug|Any CPU
		{5B2E4EFC-5B94-480D-83A7-6452DE0A94C3}.Release|x86.ActiveCfg = Debug|Any CPU
		{5D878A74-866D-4941-A8F8-2A7EB5F8193B}.Debug|.NET.ActiveCfg = Debug|Any CPU
		{5D878A74-866D-4941-A8F8-2A7EB5F8193B}.Debug|Any CPU.ActiveCfg = Debug|Any CPU
		{5D878A74-866D-4941-A8F8-2A7EB5F8193B}.Debug|Any CPU.Build.0 = Debug|Any CPU
		{5D878A74-866D-4941-A8F8-2A7EB5F8193B}.Debug|Mixed Platforms.ActiveCfg = Debug|Any CPU
		{5D878A74-866D-4941-A8F8-2A7EB5F8193B}.Debug|Mixed Platforms.Build.0 = Debug|Any CPU
		{5D878A74-866D-4941-A8F8-2A7EB5F8193B}.Debug|x86.ActiveCfg = Debug|Any CPU
		{5D878A74-866D-4941-A8F8-2A7EB5F8193B}.Release|.NET.ActiveCfg = Release|Any CPU
		{5D878A74-866D-4941-A8F8-2A7EB5F8193B}.Release|Any CPU.ActiveCfg = Release|Any CPU
		{5D878A74-866D-4941-A8F8-2A7EB5F8193B}.Release|Any CPU.Build.0 = Release|Any CPU
		{5D878A74-866D-4941-A8F8-2A7EB5F8193B}.Release|Mixed Platforms.ActiveCfg = Release|Any CPU
		{5D878A74-866D-4941-A8F8-2A7EB5F8193B}.Release|Mixed Platforms.Build.0 = Release|Any CPU
		{5D878A74-866D-4941-A8F8-2A7EB5F8193B}.Release|x86.ActiveCfg = Release|Any CPU
		{79D1199E-CB01-4EC5-B778-7D54605B92F3}.Debug|.NET.ActiveCfg = Debug|Any CPU
		{79D1199E-CB01-4EC5-B778-7D54605B92F3}.Debug|Any CPU.ActiveCfg = Debug|Any CPU
		{79D1199E-CB01-4EC5-B778-7D54605B92F3}.Debug|Any CPU.Build.0 = Debug|Any CPU
		{79D1199E-CB01-4EC5-B778-7D54605B92F3}.Debug|Mixed Platforms.ActiveCfg = Debug|Any CPU
		{79D1199E-CB01-4EC5-B778-7D54605B92F3}.Debug|Mixed Platforms.Build.0 = Debug|Any CPU
		{79D1199E-CB01-4EC5-B778-7D54605B92F3}.Debug|x86.ActiveCfg = Debug|Any CPU
		{79D1199E-CB01-4EC5-B778-7D54605B92F3}.Release|.NET.ActiveCfg = Release|Any CPU
		{79D1199E-CB01-4EC5-B778-7D54605B92F3}.Release|Any CPU.ActiveCfg = Release|Any CPU
		{79D1199E-CB01-4EC5-B778-7D54605B92F3}.Release|Any CPU.Build.0 = Release|Any CPU
		{79D1199E-CB01-4EC5-B778-7D54605B92F3}.Release|Mixed Platforms.ActiveCfg = Release|Any CPU
		{79D1199E-CB01-4EC5-B778-7D54605B92F3}.Release|Mixed Platforms.Build.0 = Release|Any CPU
		{79D1199E-CB01-4EC5-B778-7D54605B92F3}.Release|x86.ActiveCfg = Release|Any CPU
		{811ECA97-C7B9-4D4B-8D02-A15B26022AED}.Debug|.NET.ActiveCfg = Debug|Any CPU
		{811ECA97-C7B9-4D4B-8D02-A15B26022AED}.Debug|Any CPU.ActiveCfg = Debug|Any CPU
		{811ECA97-C7B9-4D4B-8D02-A15B26022AED}.Debug|Any CPU.Build.0 = Debug|Any CPU
		{811ECA97-C7B9-4D4B-8D02-A15B26022AED}.Debug|Mixed Platforms.ActiveCfg = Debug|Any CPU
		{811ECA97-C7B9-4D4B-8D02-A15B26022AED}.Debug|Mixed Platforms.Build.0 = Debug|Any CPU
		{811ECA97-C7B9-4D4B-8D02-A15B26022AED}.Debug|x86.ActiveCfg = Debug|Any CPU
		{811ECA97-C7B9-4D4B-8D02-A15B26022AED}.Release|.NET.ActiveCfg = Release|Any CPU
		{811ECA97-C7B9-4D4B-8D02-A15B26022AED}.Release|Any CPU.ActiveCfg = Release|Any CPU
		{811ECA97-C7B9-4D4B-8D02-A15B26022AED}.Release|Any CPU.Build.0 = Release|Any CPU
		{811ECA97-C7B9-4D4B-8D02-A15B26022AED}.Release|Mixed Platforms.ActiveCfg = Release|Any CPU
		{811ECA97-C7B9-4D4B-8D02-A15B26022AED}.Release|Mixed Platforms.Build.0 = Release|Any CPU
		{811ECA97-C7B9-4D4B-8D02-A15B26022AED}.Release|x86.ActiveCfg = Release|Any CPU
		{857E540C-0092-4590-A279-F98A6B77AC0A}.Debug|.NET.ActiveCfg = Debug|Any CPU
		{857E540C-0092-4590-A279-F98A6B77AC0A}.Debug|Any CPU.ActiveCfg = Debug|Any CPU
		{857E540C-0092-4590-A279-F98A6B77AC0A}.Debug|Any CPU.Build.0 = Debug|Any CPU
		{857E540C-0092-4590-A279-F98A6B77AC0A}.Debug|Mixed Platforms.ActiveCfg = Debug|Any CPU
		{857E540C-0092-4590-A279-F98A6B77AC0A}.Debug|Mixed Platforms.Build.0 = Debug|Any CPU
		{857E540C-0092-4590-A279-F98A6B77AC0A}.Debug|x86.ActiveCfg = Debug|Any CPU
		{857E540C-0092-4590-A279-F98A6B77AC0A}.Release|.NET.ActiveCfg = Release|Any CPU
		{857E540C-0092-4590-A279-F98A6B77AC0A}.Release|Any CPU.ActiveCfg = Release|Any CPU
		{857E540C-0092-4590-A279-F98A6B77AC0A}.Release|Any CPU.Build.0 = Release|Any CPU
		{857E540C-0092-4590-A279-F98A6B77AC0A}.Release|Mixed Platforms.ActiveCfg = Release|Any CPU
		{857E540C-0092-4590-A279-F98A6B77AC0A}.Release|Mixed Platforms.Build.0 = Release|Any CPU
		{857E540C-0092-4590-A279-F98A6B77AC0A}.Release|x86.ActiveCfg = Release|Any CPU
		{9D6EE539-8662-4D88-A41C-92FB1D5DDB3A}.Debug|.NET.ActiveCfg = Debug|Any CPU
		{9D6EE539-8662-4D88-A41C-92FB1D5DDB3A}.Debug|Any CPU.ActiveCfg = Debug|Any CPU
		{9D6EE539-8662-4D88-A41C-92FB1D5DDB3A}.Debug|Any CPU.Build.0 = Debug|Any CPU
		{9D6EE539-8662-4D88-A41C-92FB1D5DDB3A}.Debug|Mixed Platforms.ActiveCfg = Debug|Any CPU
		{9D6EE539-8662-4D88-A41C-92FB1D5DDB3A}.Debug|Mixed Platforms.Build.0 = Debug|Any CPU
		{9D6EE539-8662-4D88-A41C-92FB1D5DDB3A}.Debug|x86.ActiveCfg = Debug|Any CPU
		{9D6EE539-8662-4D88-A41C-92FB1D5DDB3A}.Release|.NET.ActiveCfg = Release|Any CPU
		{9D6EE539-8662-4D88-A41C-92FB1D5DDB3A}.Release|Any CPU.ActiveCfg = Release|Any CPU
		{9D6EE539-8662-4D88-A41C-92FB1D5DDB3A}.Release|Any CPU.Build.0 = Release|Any CPU
		{9D6EE539-8662-4D88-A41C-92FB1D5DDB3A}.Release|Mixed Platforms.ActiveCfg = Release|Any CPU
		{9D6EE539-8662-4D88-A41C-92FB1D5DDB3A}.Release|Mixed Platforms.Build.0 = Release|Any CPU
		{9D6EE539-8662-4D88-A41C-92FB1D5DDB3A}.Release|x86.ActiveCfg = Release|Any CPU
	EndGlobalSection
	GlobalSection(SolutionProperties) = preSolution
		HideSolutionNode = FALSE
	EndGlobalSection
	GlobalSection(NestedProjects) = preSolution
		{109B4CA6-4253-4E5D-9AD8-A2308C71A9F6} = {85FC137E-EC02-4F21-B34E-111DDB7B99B4}
		{1DEB5A27-C08F-4095-B6EA-858391C9BE7B} = {85FC137E-EC02-4F21-B34E-111DDB7B99B4}
		{79D1199E-CB01-4EC5-B778-7D54605B92F3} = {85FC137E-EC02-4F21-B34E-111DDB7B99B4}
		{811ECA97-C7B9-4D4B-8D02-A15B26022AED} = {85FC137E-EC02-4F21-B34E-111DDB7B99B4}
		{857E540C-0092-4590-A279-F98A6B77AC0A} = {CE429356-518B-4A43-9AA1-FABBFA2FE4D0}
		{85FC137E-EC02-4F21-B34E-111DDB7B99B4} = {CE429356-518B-4A43-9AA1-FABBFA2FE4D0}
		{9D6EE539-8662-4D88-A41C-92FB1D5DDB3A} = {85FC137E-EC02-4F21-B34E-111DDB7B99B4}
	EndGlobalSection
EndGlobal
